
Microsoft Visual Studio Solution File, Format Version 12.00
# Visual Studio Version 16
VisualStudioVersion = 16.0.31624.102
MinimumVisualStudioVersion = 10.0.40219.1
Project("{9A19103F-16F7-4668-BE54-9A1E7A4F7556}") = "SampleApi", "SampleApi\SampleApi.csproj", "{5EAE9801-F784-4A21-9ACD-93F5723E723F}"
EndProject
Project("{9A19103F-16F7-4668-BE54-9A1E7A4F7556}") = "TestSampleApi", "TestSampleApi\TestSampleApi.csproj", "{EA7F5F29-6D06-4D26-9533-29A5407477F7}"
EndProject
Project("{9A19103F-16F7-4668-BE54-9A1E7A4F7556}") = "SampleApi.Contracts", "SampleApi.Contracts\SampleApi.Contracts.csproj", "{B2AB7091-8922-4BB9-90D7-70E59BFF832B}"
EndProject
Project("{2150E333-8FDC-42A3-9474-1A3956D46DE8}") = "Solution Items", "Solution Items", "{C913BCF2-B5E7-4105-9E15-CC139F79700A}"
	ProjectSection(SolutionItems) = preProject
		Dockerfile = Dockerfile
		NuGet.Config = NuGet.Config
		NuGet.exe = NuGet.exe
		NuGet.targets = NuGet.targets
	EndProjectSection
EndProject
Global
	GlobalSection(SolutionConfigurationPlatforms) = preSolution
		Debug|Any CPU = Debug|Any CPU
		Release|Any CPU = Release|Any CPU
	EndGlobalSection
	GlobalSection(ProjectConfigurationPlatforms) = postSolution
		{5EAE9801-F784-4A21-9ACD-93F5723E723F}.Debug|Any CPU.ActiveCfg = Debug|Any CPU
		{5EAE9801-F784-4A21-9ACD-93F5723E723F}.Debug|Any CPU.Build.0 = Debug|Any CPU
		{5EAE9801-F784-4A21-9ACD-93F5723E723F}.Release|Any CPU.ActiveCfg = Release|Any CPU
		{5EAE9801-F784-4A21-9ACD-93F5723E723F}.Release|Any CPU.Build.0 = Release|Any CPU
		{EA7F5F29-6D06-4D26-9533-29A5407477F7}.Debug|Any CPU.ActiveCfg = Debug|Any CPU
		{EA7F5F29-6D06-4D26-9533-29A5407477F7}.Debug|Any CPU.Build.0 = Debug|Any CPU
		{EA7F5F29-6D06-4D26-9533-29A5407477F7}.Release|Any CPU.ActiveCfg = Release|Any CPU
		{EA7F5F29-6D06-4D26-9533-29A5407477F7}.Release|Any CPU.Build.0 = Release|Any CPU
		{B2AB7091-8922-4BB9-90D7-70E59BFF832B}.Debug|Any CPU.ActiveCfg = Debug|Any CPU
		{B2AB7091-8922-4BB9-90D7-70E59BFF832B}.Debug|Any CPU.Build.0 = Debug|Any CPU
		{B2AB7091-8922-4BB9-90D7-70E59BFF832B}.Release|Any CPU.ActiveCfg = Release|Any CPU
		{B2AB7091-8922-4BB9-90D7-70E59BFF832B}.Release|Any CPU.Build.0 = Release|Any CPU
	EndGlobalSection
	GlobalSection(SolutionProperties) = preSolution
		HideSolutionNode = FALSE
	EndGlobalSection
	GlobalSection(ExtensibilityGlobals) = postSolution
		SolutionGuid = {BE6EFD6C-7236-4F46-8816-C9444BA35852}
	EndGlobalSection
EndGlobal
